lockfileVersion: '6.0'

settings:
  autoInstallPeers: false
  excludeLinksFromLockfile: false

dependencies:
  '@tsfun/all':
    specifier: 0.0.37
    version: 0.0.37
  '@types/node':
    specifier: ^16.18.39
    version: 16.18.48
  cross-env:
    specifier: ^7.0.3
    version: 7.0.3
  husky:
    specifier: ^8.0.3
    version: 8.0.3
  keyv:
    specifier: 4.5.3
    version: 4.5.3
  rimraf:
    specifier: ^3.0.2
    version: 3.0.2
  shx:
    specifier: ^0.3.4
    version: 0.3.4

packages:

  /@tsfun/all@0.0.37:
    resolution: {integrity: sha512-qkhh/D1k7m6ocZZ2n9AK5zn1Jfine2TPopwpS9s05THQzT55hrtqjuRNZxQnOvxpmdYUIN+iy4qkvENnl1Rkfg==}
    engines: {node: '>= 8.9.0'}
    dependencies:
      '@tsfun/array': 0.0.8
      '@tsfun/function': 0.0.11
      '@tsfun/misc': 0.0.11
      '@tsfun/object': 0.0.21
      '@tsfun/option': 0.0.19
      '@tsfun/pipe': 0.0.15
      '@tsfun/result': 0.0.20
      '@tsfun/tap': 0.0.14
      '@types/node': 14.18.58
      tslib: 2.6.2
    dev: false

  /@tsfun/array@0.0.8:
    resolution: {integrity: sha512-7G8HXcIl5wPTuEdPG2Nz+jrIbtL1rvN6f1zgheG+FLJhWvaxJOgAX5oAC+e1nSK29yXIpW8WuMJDSpyUp2W3ag==}
    dependencies:
      '@types/node': 14.18.58
      tslib: 2.6.2
    dev: false

  /@tsfun/function@0.0.11:
    resolution: {integrity: sha512-pFj1jdnZipRsln0StaBuHIMKchfS+UoKa2lu9uLbyXCNetD640WJbTFV06XEjKKge1c7qkHsq3WOdSXtKAM6Wg==}
    dependencies:
      '@types/node': 14.18.58
      ts-pipe-compose: 0.2.1
      tslib: 2.6.2
    dev: false

  /@tsfun/misc@0.0.11:
    resolution: {integrity: sha512-yJR+AM+SZXCaLeLynb3EnMquBEQXhjTX36DR5Ih3e/U8COjyxayBJ80+WxCkx0xodCZH/XCTkbhw3w4aFIi8bw==}
    dependencies:
      '@types/node': 14.18.58
      tslib: 2.6.2
    dev: false

  /@tsfun/object@0.0.21:
    resolution: {integrity: sha512-bq4HlP+5JFNGcKysmgPI1nR8vqPLlMRhWdZ/rph8sI8jHghQGSXV8BaqzTQ8krUgM/xkUfDK0x+fXMkw0020pQ==}
    dependencies:
      '@types/node': 14.18.58
      tslib: 2.6.2
      utility-types: 3.10.0
    dev: false

  /@tsfun/option@0.0.19:
    resolution: {integrity: sha512-qOiWLoJb2P25/PC/0GbxeTCGFeOc8FJfI3+dLccBne/pjUuEri+JypZJKMkDgnrWhIWxNxZqsGlac+sy8SMr6A==}
    engines: {node: '>= 8.9.0'}
    dependencies:
      '@tsfun/prv-option-result-common': 0.0.15
      '@tsfun/prv-types': 0.0.10
      '@tsfun/tap': 0.0.14
      '@types/node': 14.18.58
      tslib: 2.6.2
    dev: false

  /@tsfun/pipe@0.0.15:
    resolution: {integrity: sha512-G7s7eRksa/lBkls+tIZhejyMUL7QxIQbwNnXIVAlq4QSZ2errhYnCUErcdhOVCYd3gqvVZH6uozNCMeYiQ7TMQ==}
    engines: {node: '>= 8.9.0'}
    dependencies:
      '@tsfun/tap': 0.0.14
      '@types/node': 14.18.58
      tslib: 2.6.2
    dev: false

  /@tsfun/prv-option-result-common@0.0.15:
    resolution: {integrity: sha512-oqmmMHkoD1IXADxtOupJ9JFBcocuToxbSuqMIw3VszZIyvysJ3t9y+LlP+qxo92pOj/GJz4oohhzKBHkaaLqWA==}
    engines: {node: '>= 8.9.0'}
    dependencies:
      '@types/node': 14.18.58
      tslib: 2.6.2
    dev: false

  /@tsfun/prv-types@0.0.10:
    resolution: {integrity: sha512-8QJUR81Zyf9gLhl7llp10bTZ+4WgXBM6LaiKZTmgjmviggFIQobm1hDzirZ9gUMxG1lGtTr4glszSkvuCcSjaA==}
    dependencies:
      '@types/node': 14.18.58
      tslib: 2.6.2
    dev: false

  /@tsfun/result@0.0.20:
    resolution: {integrity: sha512-7IXm8ab6hRl7dNliHvFCoHdDXcDITSOPFKZl+7VxEKTXXmSrUe5QupvzzBro1G5Q104do/xiHZT1RBhwLzg1iw==}
    engines: {node: '>= 8.9.0'}
    dependencies:
      '@tsfun/prv-option-result-common': 0.0.15
      '@tsfun/prv-types': 0.0.10
      '@tsfun/tap': 0.0.14
      '@types/node': 14.18.58
      tslib: 2.6.2
    dev: false

  /@tsfun/tap@0.0.14:
    resolution: {integrity: sha512-hXrhnrFidsbi4zeo6HaiHEMFLcjNTSc4osYps2Py7cgbgwW6nNxcZwRbDlQaMIdvpuQuHFd1+bxhDYQ0C9r6xA==}
    dependencies:
      '@types/node': 14.18.58
      tslib: 2.6.2
    dev: false

  /@types/node@14.18.58:
    resolution: {integrity: sha512-Y8ETZc8afYf6lQ/mVp096phIVsgD/GmDxtm3YaPcc+71jmi/J6zdwbwaUU4JvS56mq6aSfbpkcKhQ5WugrWFPw==}
    dev: false

  /@types/node@16.18.48:
    resolution: {integrity: sha512-mlaecDKQ7rIZrYD7iiKNdzFb6e/qD5I9U1rAhq+Fd+DWvYVs+G2kv74UFHmSOlg5+i/vF3XxuR522V4u8BqO+Q==}
    dev: false

  /balanced-match@1.0.2:
    resolution: {integrity: sha512-3oSeUO0TMV67hN1AmbXsK4yaqU7tjiHlbxRDZOpH0KW9+CeX4bRAaX0Anxt0tx2MrpRpWwQaPwIlISEJhYU5Pw==}
    dev: false

  /brace-expansion@1.1.11:
    resolution: {integrity: sha512-iCuPHDFgrHX7H2vEI/5xpz07zSHB00TpugqhmYtVmMO6518mCuRMoOYFldEBl0g187ufozdaHgWKcYFb61qGiA==}
    dependencies:
      balanced-match: 1.0.2
      concat-map: 0.0.1
    dev: false

  /concat-map@0.0.1:
    resolution: {integrity: sha512-/Srv4dswyQNBfohGpz9o6Yb3Gz3SrUDqBH5rTuhGR7ahtlbYKnVxw2bCFMRljaA7EXHaXZ8wsHdodFvbkhKmqg==}
    dev: false

  /cross-env@7.0.3:
    resolution: {integrity: sha512-+/HKd6EgcQCJGh2PSjZuUitQBQynKor4wrFbRg4DtAgS1aWO+gU52xpH7M9ScGgXSYmAVS9bIJ8EzuaGw0oNAw==}
    engines: {node: '>=10.14', npm: '>=6', yarn: '>=1'}
    hasBin: true
    dependencies:
      cross-spawn: 7.0.3
    dev: false

  /cross-spawn@7.0.3:
    resolution: {integrity: sha512-iRDPJKUPVEND7dHPO8rkbOnPpyDygcDFtWjpeWNCgy8WP2rXcxXL8TskReQl6OrB2G7+UJrags1q15Fudc7G6w==}
    engines: {node: '>= 8'}
    dependencies:
      path-key: 3.1.1
      shebang-command: 2.0.0
      which: 2.0.2
    dev: false

  /fs.realpath@1.0.0:
    resolution: {integrity: sha512-OO0pH2lK6a0hZnAdau5ItzHPI6pUlvI7jMVnxUQRtw4owF2wk8lOSabtGDCTP4Ggrg2MbGnWO9X8K1t4+fGMDw==}
    dev: false

  /function-bind@1.1.1:
    resolution: {integrity: sha512-yIovAzMX49sF8Yl58fSCWJ5svSLuaibPxXQJFLmBObTuCr0Mf1KiPopGM9NiFjiYBCbfaa2Fh6breQ6ANVTI0A==}
    dev: false

  /glob@7.2.3:
    resolution: {integrity: sha512-nFR0zLpU2YCaRxwoCJvL6UvCH2JFyFVIvwTLsIf21AuHlMskA1hhTdk+LlYJtOlYt9v6dvszD2BGRqBL+iQK9Q==}
    dependencies:
      fs.realpath: 1.0.0
      inflight: 1.0.6
      inherits: 2.0.4
      minimatch: 3.1.2
      once: 1.4.0
      path-is-absolute: 1.0.1
    dev: false

  /has@1.0.3:
    resolution: {integrity: sha512-f2dvO0VU6Oej7RkWJGrehjbzMAjFp5/VKPp5tTpWIV4JHHZK1/BxbFRtf/siA2SWTe09caDmVtYYzWEIbBS4zw==}
    engines: {node: '>= 0.4.0'}
    dependencies:
      function-bind: 1.1.1
    dev: false

  /husky@8.0.3:
    resolution: {integrity: sha512-+dQSyqPh4x1hlO1swXBiNb2HzTDN1I2IGLQx1GrBuiqFJfoMrnZWwVmatvSiO+Iz8fBUnf+lekwNo4c2LlXItg==}
    engines: {node: '>=14'}
    hasBin: true
    dev: false

  /inflight@1.0.6:
    resolution: {integrity: sha512-k92I/b08q4wvFscXCLvqfsHCrjrF7yiXsQuIVvVE7N82W3+aqpzuUdBbfhWcy/FZR3/4IgflMgKLOsvPDrGCJA==}
    dependencies:
      once: 1.4.0
      wrappy: 1.0.2
    dev: false

  /inherits@2.0.4:
    resolution: {integrity: sha512-k/vGaX4/Yla3WzyMCvTQOXYeIHvqOKtnqBduzTHpzpQZzAskKMhZ2K+EnBiSM9zGSoIFeMpXKxa4dYeZIQqewQ==}
    dev: false

  /interpret@1.4.0:
    resolution: {integrity: sha512-agE4QfB2Lkp9uICn7BAqoscw4SZP9kTE2hxiFI3jBPmXJfdqiahTbUuKGsMoN2GtqL9AxhYioAcVvgsb1HvRbA==}
    engines: {node: '>= 0.10'}
    dev: false

  /is-core-module@2.13.0:
    resolution: {integrity: sha512-Z7dk6Qo8pOCp3l4tsX2C5ZVas4V+UxwQodwZhLopL91TX8UyyHEXafPcyoeeWuLrwzHcr3igO78wNLwHJHsMCQ==}
    dependencies:
      has: 1.0.3
    dev: false

  /isexe@2.0.0:
    resolution: {integrity: sha512-RHxMLp9lnKHGHRng9QFhRCMbYAcVpn69smSGcq3f36xjgVVWThj4qqLbTLlq7Ssj8B+fIQ1EuCEGI2lKsyQeIw==}
    dev: false

  /json-buffer@3.0.1:
    resolution: {integrity: sha512-4bV5BfR2mqfQTJm+V5tPPdf+ZpuhiIvTuAB5g8kcrXOZpTT/QwwVRWBywX1ozr6lEuPdbHxwaJlm9G6mI2sfSQ==}
    dev: false

  /keyv@4.5.3:
    resolution: {integrity: sha512-QCiSav9WaX1PgETJ+SpNnx2PRRapJ/oRSXM4VO5OGYGSjrxbKPVFVhB3l2OCbLCk329N8qyAtsJjSjvVBWzEug==}
    dependencies:
      json-buffer: 3.0.1
    dev: false

  /minimatch@3.1.2:
    resolution: {integrity: sha512-J7p63hRiAjw1NDEww1W7i37+ByIrOWO5XQQAzZ3VOcL0PNybwpfmV/N05zFAzwQ9USyEcX6t3UO+K5aqBQOIHw==}
    dependencies:
      brace-expansion: 1.1.11
    dev: false

  /minimist@1.2.8:
    resolution: {integrity: sha512-2yyAR8qBkN3YuheJanUpWC5U3bb5osDywNB8RzDVlDwDHbocAJveqqj1u8+SVD7jkWT4yvsHCpWqqWqAxb0zCA==}
    dev: false

  /once@1.4.0:
    resolution: {integrity: sha512-lNaJgI+2Q5URQBkccEKHTQOPaXdUxnZZElQTZY0MFUAuaEqe1E+Nyvgdz/aIyNi6Z9MzO5dv1H8n58/GELp3+w==}
    dependencies:
      wrappy: 1.0.2
    dev: false

  /path-is-absolute@1.0.1:
    resolution: {integrity: sha512-AVbw3UJ2e9bq64vSaS9Am0fje1Pa8pbGqTTsmXfaIiMpnr5DlDhfJOuLj9Sf95ZPVDAUerDfEk88MPmPe7UCQg==}
    engines: {node: '>=0.10.0'}
    dev: false

  /path-key@3.1.1:
    resolution: {integrity: sha512-ojmeN0qd+y0jszEtoY48r0Peq5dwMEkIlCOu6Q5f41lfkswXuKtYrhgoTpLnyIcHm24Uhqx+5Tqm2InSwLhE6Q==}
    engines: {node: '>=8'}
    dev: false

  /path-parse@1.0.7:
    resolution: {integrity: sha512-LDJzPVEEEPR+y48z93A0Ed0yXb8pAByGWo/k5YYdYgpY2/2EsOsksJrq7lOHxryrVOn1ejG6oAp8ahvOIQD8sw==}
    dev: false

  /rechoir@0.6.2:
    resolution: {integrity: sha512-HFM8rkZ+i3zrV+4LQjwQ0W+ez98pApMGM3HUrN04j3CqzPOzl9nmP15Y8YXNm8QHGv/eacOVEjqhmWpkRV0NAw==}
    engines: {node: '>= 0.10'}
    dependencies:
      resolve: 1.22.4
    dev: false

  /resolve@1.22.4:
    resolution: {integrity: sha512-PXNdCiPqDqeUou+w1C2eTQbNfxKSuMxqTCuvlmmMsk1NWHL5fRrhY6Pl0qEYYc6+QqGClco1Qj8XnjPego4wfg==}
    hasBin: true
    dependencies:
      is-core-module: 2.13.0
      path-parse: 1.0.7
      supports-preserve-symlinks-flag: 1.0.0
    dev: false

  /rimraf@3.0.2:
    resolution: {integrity: sha512-JZkJMZkAGFFPP2YqXZXPbMlMBgsxzE8ILs4lMIX/2o0L9UBw9O/Y3o6wFw/i9YLapcUJWwqbi3kdxIPdC62TIA==}
    hasBin: true
    dependencies:
      glob: 7.2.3
    dev: false

  /shebang-command@2.0.0:
    resolution: {integrity: sha512-kHxr2zZpYtdmrN1qDjrrX/Z1rR1kG8Dx+gkpK1G4eXmvXswmcE1hTWBWYUzlraYw1/yZp6YuDY77YtvbN0dmDA==}
    engines: {node: '>=8'}
    dependencies:
      shebang-regex: 3.0.0
    dev: false

  /shebang-regex@3.0.0:
    resolution: {integrity: sha512-7++dFhtcx3353uBaq8DDR4NuxBetBzC7ZQOhmTQInHEd6bSrXdiEyzCvG07Z44UYdLShWUyXt5M/yhz8ekcb1A==}
    engines: {node: '>=8'}
    dev: false

  /shelljs@0.8.5:
    resolution: {integrity: sha512-TiwcRcrkhHvbrZbnRcFYMLl30Dfov3HKqzp5tO5b4pt6G/SezKcYhmDg15zXVBswHmctSAQKznqNW2LO5tTDow==}
    engines: {node: '>=4'}
    hasBin: true
    dependencies:
      glob: 7.2.3
      interpret: 1.4.0
      rechoir: 0.6.2
    dev: false

  /shx@0.3.4:
    resolution: {integrity: sha512-N6A9MLVqjxZYcVn8hLmtneQWIJtp8IKzMP4eMnx+nqkvXoqinUPCbUFLp2UcWTEIUONhlk0ewxr/jaVGlc+J+g==}
    engines: {node: '>=6'}
    hasBin: true
    dependencies:
      minimist: 1.2.8
      shelljs: 0.8.5
    dev: false

  /supports-preserve-symlinks-flag@1.0.0:
    resolution: {integrity: sha512-ot0WnXS9fgdkgIcePe6RHNk1WA8+muPa6cSjeR3V8K27q9BB1rTE3R1p7Hv0z1ZyAc8s6Vvv8DIyWf681MAt0w==}
    engines: {node: '>= 0.4'}
    dev: false

  /ts-pipe-compose@0.2.1:
    resolution: {integrity: sha512-gf6ZldcfCDyNXPRiW3lQjEP1Z9rrUM/4Cn7BZbv3SdTA82zxWRP8OmLwvGR974uuENhGCFgFdN11z3n1Ofpprg==}
    engines: {node: '>= 8.9.0'}
    dev: false

  /tslib@2.6.2:
    resolution: {integrity: sha512-AEYxH93jGFPn/a2iVAwW87VuUIkR1FVUKB77NwMF7nBTDkDrrT/Hpt/IrCJ0QXhW27jTBDcf5ZY7w6RiqTMw2Q==}
    dev: false

  /utility-types@3.10.0:
    resolution: {integrity: sha512-O11mqxmi7wMKCo6HKFt5AhO4BwY3VV68YU07tgxfz8zJTIxr4BpsezN49Ffwy9j3ZpwwJp4fkRwjRzq3uWE6Rg==}
    engines: {node: '>= 4'}
    dev: false

  /which@2.0.2:
    resolution: {integrity: sha512-BLI3Tl1TW3Pvl70l3yq3Y64i+awpwXqsGBYWkkqMtnbXgrMD+yj7rhW0kuEDxzJaYXGjEW5ogapKNMEKNMjibA==}
    engines: {node: '>= 8'}
    hasBin: true
    dependencies:
      isexe: 2.0.0
    dev: false

  /wrappy@1.0.2:
    resolution: {integrity: sha512-l4Sp/DRseor9wL6EvV2+TuQn63dMkPjZ/sp9XkghTEbV9KlPS1xUsZ3u7/IQO4wxtcFB4bgpQPRcR3QCvezPcQ==}
    dev: false
